// !$*UTF8*$!
{
	archiveVersion = 1;
	classes = {
	};
	objectVersion = 77;
	objects = {

/* Begin PBXContainerItemProxy section */
		A7B6DB4B2E24A06400C3DCFB /* PBXContainerItemProxy */ = {
			isa = PBXContainerItemProxy;
			containerPortal = A7B6DB352E24A06300C3DCFB /* Project object */;
			proxyType = 1;
			remoteGlobalIDString = A7B6DB3C2E24A06300C3DCFB;
			remoteInfo = RollCall;
		};
		A7B6DB552E24A06400C3DCFB /* PBXContainerItemProxy */ = {
			isa = PBXContainerItemProxy;
			containerPortal = A7B6DB352E24A06300C3DCFB /* Project object */;
			proxyType = 1;
			remoteGlobalIDString = A7B6DB3C2E24A06300C3DCFB;
			remoteInfo = RollCall;
		};
/* End PBXContainerItemProxy section */

/* Begin PBXFileReference section */
		A7B6DB3D2E24A06300C3DCFB /* RollCall.app */ = {isa = PBXFileReference; explicitFileType = wrapper.application; includeInIndex = 0; path = RollCall.app; sourceTree = BUILT_PRODUCTS_DIR; };
		A7B6DB4A2E24A06400C3DCFB /* RollCallTests.xctest */ = {isa = PBXFileReference; explicitFileType = wrapper.cfbundle; includeInIndex = 0; path = RollCallTests.xctest; sourceTree = BUILT_PRODUCTS_DIR; };
		A7B6DB542E24A06400C3DCFB /* RollCallUITests.xctest */ = {isa = PBXFileReference; explicitFileType = wrapper.cfbundle; includeInIndex = 0; path = RollCallUITests.xctest; sourceTree = BUILT_PRODUCTS_DIR; };
/* End PBXFileReference section */

/* Begin PBXFileSystemSynchronizedBuildFileExceptionSet section */
		A70754E12E4D6A830033A777 /* Exceptions for "RollCall" folder in "RollCall" target */ = {
			isa = PBXFileSystemSynchronizedBuildFileExceptionSet;
			membershipExceptions = (
				Info.plist.backup,
				Resources/Info.plist,
			);
			target = A7B6DB3C2E24A06300C3DCFB /* RollCall */;
		};
/* End PBXFileSystemSynchronizedBuildFileExceptionSet section */

/* Begin PBXFileSystemSynchronizedRootGroup section */
		A7B6DB3F2E24A06300C3DCFB /* RollCall */ = {
			isa = PBXFileSystemSynchronizedRootGroup;
			exceptions = (
				A70754E12E4D6A830033A777 /* Exceptions for "RollCall" folder in "RollCall" target */,
			);
			path = RollCall;
			sourceTree = "<group>";
		};
		A7B6DB4D2E24A06400C3DCFB /* RollCallTests */ = {
			isa = PBXFileSystemSynchronizedRootGroup;
			path = RollCallTests;
			sourceTree = "<group>";
		};
		A7B6DB572E24A06400C3DCFB /* RollCallUITests */ = {
			isa = PBXFileSystemSynchronizedRootGroup;
			path = RollCallUITests;
			sourceTree = "<group>";
		};
/* End PBXFileSystemSynchronizedRootGroup section */

/* Begin PBXFrameworksBuildPhase section */
		A7B6DB3A2E24A06300C3DCFB /* Frameworks */ = {
			isa = PBXFrameworksBuildPhase;
			buildActionMask = 2147483647;
			files = (
			);
			runOnlyForDeploymentPostprocessing = 0;
		};
		A7B6DB472E24A06400C3DCFB /* Frameworks */ = {
			isa = PBXFrameworksBuildPhase;
			buildActionMask = 2147483647;
			files = (
			);
			runOnlyForDeploymentPostprocessing = 0;
		};
		A7B6DB512E24A06400C3DCFB /* Frameworks */ = {
			isa = PBXFrameworksBuildPhase;
			buildActionMask = 2147483647;
			files = (
			);
			runOnlyForDeploymentPostprocessing = 0;
		};
/* End PBXFrameworksBuildPhase section */

/* Begin PBXGroup section */
		A7B6DB342E24A06300C3DCFB = {
			isa = PBXGroup;
			children = (
				A7B6DB3F2E24A06300C3DCFB /* RollCall */,
				A7B6DB4D2E24A06400C3DCFB /* RollCallTests */,
				A7B6DB572E24A06400C3DCFB /* RollCallUITests */,
				A7B6DB3E2E24A06300C3DCFB /* Products */,
			);
			sourceTree = "<group>";
		};
		A7B6DB3E2E24A06300C3DCFB /* Products */ = {
			isa = PBXGroup;
			children = (
				A7B6DB3D2E24A06300C3DCFB /* RollCall.app */,
				A7B6DB4A2E24A06400C3DCFB /* RollCallTests.xctest */,
				A7B6DB542E24A06400C3DCFB /* RollCallUITests.xctest */,
			);
			name = Products;
			sourceTree = "<group>";
		};
/* End PBXGroup section */

/* Begin PBXNativeTarget section */
		A7B6DB3C2E24A06300C3DCFB /* RollCall */ = {
			isa = PBXNativeTarget;
			buildConfigurationList = A7B6DB5E2E24A06400C3DCFB /* Build configuration list for PBXNativeTarget "RollCall" */;
			buildPhases = (
				A7B6DB392E24A06300C3DCFB /* Sources */,
				141FAF51988A468F9F4FA3BD /* SwiftLint */,
				A7B6DB3A2E24A06300C3DCFB /* Frameworks */,
				A7B6DB3B2E24A06300C3DCFB /* Resources */,
			);
			buildRules = (
			);
			dependencies = (
			);
			fileSystemSynchronizedGroups = (
				A7B6DB3F2E24A06300C3DCFB /* RollCall */,
			);
			name = RollCall;
			packageProductDependencies = (
			);
			productName = RollCall;
			productReference = A7B6DB3D2E24A06300C3DCFB /* RollCall.app */;
			productType = "com.apple.product-type.application";
		};
		A7B6DB492E24A06400C3DCFB /* RollCallTests */ = {
			isa = PBXNativeTarget;
			buildConfigurationList = A7B6DB612E24A06400C3DCFB /* Build configuration list for PBXNativeTarget "RollCallTests" */;
			buildPhases = (
				A7B6DB462E24A06400C3DCFB /* Sources */,
				A7B6DB472E24A06400C3DCFB /* Frameworks */,
				A7B6DB482E24A06400C3DCFB /* Resources */,
			);
			buildRules = (
			);
			dependencies = (
				A7B6DB4C2E24A06400C3DCFB /* PBXTargetDependency */,
			);
			fileSystemSynchronizedGroups = (
				A7B6DB4D2E24A06400C3DCFB /* RollCallTests */,
			);
			name = RollCallTests;
			packageProductDependencies = (
			);
			productName = RollCallTests;
			productReference = A7B6DB4A2E24A06400C3DCFB /* RollCallTests.xctest */;
			productType = "com.apple.product-type.bundle.unit-test";
		};
		A7B6DB532E24A06400C3DCFB /* RollCallUITests */ = {
			isa = PBXNativeTarget;
			buildConfigurationList = A7B6DB642E24A06400C3DCFB /* Build configuration list for PBXNativeTarget "RollCallUITests" */;
			buildPhases = (
				A7B6DB502E24A06400C3DCFB /* Sources */,
				A7B6DB512E24A06400C3DCFB /* Frameworks */,
				A7B6DB522E24A06400C3DCFB /* Resources */,
			);
			buildRules = (
			);
			dependencies = (
				A7B6DB562E24A06400C3DCFB /* PBXTargetDependency */,
			);
			fileSystemSynchronizedGroups = (
				A7B6DB572E24A06400C3DCFB /* RollCallUITests */,
			);
			name = RollCallUITests;
			packageProductDependencies = (
			);
			productName = RollCallUITests;
			productReference = A7B6DB542E24A06400C3DCFB /* RollCallUITests.xctest */;
			productType = "com.apple.product-type.bundle.ui-testing";
		};
/* End PBXNativeTarget section */

/* Begin PBXProject section */
		A7B6DB352E24A06300C3DCFB /* Project object */ = {
			isa = PBXProject;
			attributes = {
				BuildIndependentTargetsInParallel = 1;
				LastSwiftUpdateCheck = 1640;
				LastUpgradeCheck = 1640;
				TargetAttributes = {
					A7B6DB3C2E24A06300C3DCFB = {
						CreatedOnToolsVersion = 16.4;
					};
					A7B6DB492E24A06400C3DCFB = {
						CreatedOnToolsVersion = 16.4;
						TestTargetID = A7B6DB3C2E24A06300C3DCFB;
					};
					A7B6DB532E24A06400C3DCFB = {
						CreatedOnToolsVersion = 16.4;
						TestTargetID = A7B6DB3C2E24A06300C3DCFB;
					};
				};
			};
			buildConfigurationList = A7B6DB382E24A06300C3DCFB /* Build configuration list for PBXProject "RollCall" */;
			developmentRegion = en;
			hasScannedForEncodings = 0;
			knownRegions = (
				en,
				Base,
			);
			mainGroup = A7B6DB342E24A06300C3DCFB;
			minimizedProjectReferenceProxies = 1;
			preferredProjectObjectVersion = 77;
			productRefGroup = A7B6DB3E2E24A06300C3DCFB /* Products */;
			projectDirPath = "";
			projectRoot = "";
			targets = (
				A7B6DB3C2E24A06300C3DCFB /* RollCall */,
				A7B6DB492E24A06400C3DCFB /* RollCallTests */,
				A7B6DB532E24A06400C3DCFB /* RollCallUITests */,
			);
		};
/* End PBXProject section */

/* Begin PBXResourcesBuildPhase section */
		A7B6DB3B2E24A06300C3DCFB /* Resources */ = {
			isa = PBXResourcesBuildPhase;
			buildActionMask = 2147483647;
			files = (
			);
			runOnlyForDeploymentPostprocessing = 0;
		};
		A7B6DB482E24A06400C3DCFB /* Resources */ = {
			isa = PBXResourcesBuildPhase;
			buildActionMask = 2147483647;
			files = (
			);
			runOnlyForDeploymentPostprocessing = 0;
		};
		A7B6DB522E24A06400C3DCFB /* Resources */ = {
			isa = PBXResourcesBuildPhase;
			buildActionMask = 2147483647;
			files = (
			);
			runOnlyForDeploymentPostprocessing = 0;
		};
/* End PBXResourcesBuildPhase section */

/* Begin PBXShellScriptBuildPhase section */
		141FAF51988A468F9F4FA3BD /* SwiftLint */ = {
			isa = PBXShellScriptBuildPhase;
			alwaysOutOfDate = 1;
			buildActionMask = 2147483647;
			files = (
			);
			inputFileListPaths = (
			);
			inputPaths = (
			);
			name = SwiftLint;
			outputFileListPaths = (
			);
			outputPaths = (
			);
			runOnlyForDeploymentPostprocessing = 0;
			shellPath = /bin/sh;
			shellScript = "export PATH=\"$PATH:/opt/homebrew/bin\"\n\nif which swiftlint >/dev/null; then\n    cd \"${SRCROOT}/RollCall\"\n    swiftlint\nelse\n    echo \"warning: SwiftLint not installed, download from https://github.com/realm/SwiftLint\"\nfi\n";
		};
/* End PBXShellScriptBuildPhase section */

/* Begin PBXSourcesBuildPhase section */
		A7B6DB392E24A06300C3DCFB /* Sources */ = {
			isa = PBXSourcesBuildPhase;
			buildActionMask = 2147483647;
			files = (
			);
			runOnlyForDeploymentPostprocessing = 0;
		};
		A7B6DB462E24A06400C3DCFB /* Sources */ = {
			isa = PBXSourcesBuildPhase;
			buildActionMask = 2147483647;
			files = (
			);
			runOnlyForDeploymentPostprocessing = 0;
		};
		A7B6DB502E24A06400C3DCFB /* Sources */ = {
			isa = PBXSourcesBuildPhase;
			buildActionMask = 2147483647;
			files = (
			);
			runOnlyForDeploymentPostprocessing = 0;
		};
/* End PBXSourcesBuildPhase section */

/* Begin PBXTargetDependency section */
		A7B6DB4C2E24A06400C3DCFB /* PBXTargetDependency */ = {
			isa = PBXTargetDependency;
			target = A7B6DB3C2E24A06300C3DCFB /* RollCall */;
			targetProxy = A7B6DB4B2E24A06400C3DCFB /* PBXContainerItemProxy */;
		};
		A7B6DB562E24A06400C3DCFB /* PBXTargetDependency */ = {
			isa = PBXTargetDependency;
			target = A7B6DB3C2E24A06300C3DCFB /* RollCall */;
			targetProxy = A7B6DB552E24A06400C3DCFB /* PBXContainerItemProxy */;
		};
/* End PBXTargetDependency section */

/* Begin XCBuildConfiguration section */
		A7B6DB5C2E24A06400C3DCFB /* Debug */ = {
			isa = XCBuildConfiguration;
			buildSettings = {
				ALWAYS_SEARCH_USER_PATHS = NO;
				ASSETCATALOG_COMPILER_GENERATE_SWIFT_ASSET_SYMBOL_EXTENSIONS = YES;
				CLANG_ANALYZER_NONNULL = YES;
				CLANG_ANALYZER_NUMBER_OBJECT_CONVERSION = YES_AGGRESSIVE;
				CLANG_CXX_LANGUAGE_STANDARD = "gnu++20";
				CLANG_ENABLE_MODULES = YES;
				CLANG_ENABLE_OBJC_ARC = YES;
				CLANG_ENABLE_OBJC_WEAK = YES;
				CLANG_WARN_BLOCK_CAPTURE_AUTORELEASING = YES;
				CLANG_WARN_BOOL_CONVERSION = YES;
				CLANG_WARN_COMMA = YES;
				CLANG_WARN_CONSTANT_CONVERSION = YES;
				CLANG_WARN_DEPRECATED_OBJC_IMPLEMENTATIONS = YES;
				CLANG_WARN_DIRECT_OBJC_ISA_USAGE = YES_ERROR;
				CLANG_WARN_DOCUMENTATION_COMMENTS = YES;
				CLANG_WARN_EMPTY_BODY = YES;
				CLANG_WARN_ENUM_CONVERSION = YES;
				CLANG_WARN_INFINITE_RECURSION = YES;
				CLANG_WARN_INT_CONVERSION = YES;
				CLANG_WARN_NON_LITERAL_NULL_CONVERSION = YES;
				CLANG_WARN_OBJC_IMPLICIT_RETAIN_SELF = YES;
				CLANG_WARN_OBJC_LITERAL_CONVERSION = YES;
				CLANG_WARN_OBJC_ROOT_CLASS = YES_ERROR;
				CLANG_WARN_QUOTED_INCLUDE_IN_FRAMEWORK_HEADER = YES;
				CLANG_WARN_RANGE_LOOP_ANALYSIS = YES;
				CLANG_WARN_STRICT_PROTOTYPES = YES;
				CLANG_WARN_SUSPICIOUS_MOVE = YES;
				CLANG_WARN_UNGUARDED_AVAILABILITY = YES_AGGRESSIVE;
				CLANG_WARN_UNREACHABLE_CODE = YES;
				CLANG_WARN__DUPLICATE_METHOD_MATCH = YES;
				COPY_PHASE_STRIP = NO;
				DEBUG_INFORMATION_FORMAT = dwarf;
				DEVELOPMENT_TEAM = D46M9UBH37;
				ENABLE_STRICT_OBJC_MSGSEND = YES;
				ENABLE_TESTABILITY = YES;
				ENABLE_USER_SCRIPT_SANDBOXING = NO;
				GCC_C_LANGUAGE_STANDARD = gnu17;
				GCC_DYNAMIC_NO_PIC = NO;
				GCC_NO_COMMON_BLOCKS = YES;
				GCC_OPTIMIZATION_LEVEL = 0;
				GCC_PREPROCESSOR_DEFINITIONS = (
					"DEBUG=1",
					"$(inherited)",
				);
				GCC_WARN_64_TO_32_BIT_CONVERSION = YES;
				GCC_WARN_ABOUT_RETURN_TYPE = YES_ERROR;
				GCC_WARN_UNDECLARED_SELECTOR = YES;
				GCC_WARN_UNINITIALIZED_AUTOS = YES_AGGRESSIVE;
				GCC_WARN_UNUSED_FUNCTION = YES;
				GCC_WARN_UNUSED_VARIABLE = YES;
				IPHONEOS_DEPLOYMENT_TARGET = 15.0;
				LOCALIZATION_PREFERS_STRING_CATALOGS = YES;
				MTL_ENABLE_DEBUG_INFO = INCLUDE_SOURCE;
				MTL_FAST_MATH = YES;
				ONLY_ACTIVE_ARCH = YES;
				SDKROOT = iphoneos;
				SWIFT_ACTIVE_COMPILATION_CONDITIONS = "DEBUG $(inherited)";
				SWIFT_OPTIMIZATION_LEVEL = "-Onone";
			};
			name = Debug;
		};
		A7B6DB5D2E24A06400C3DCFB /* Release */ = {
			isa = XCBuildConfiguration;
			buildSettings = {
				ALWAYS_SEARCH_USER_PATHS = NO;
				ASSETCATALOG_COMPILER_GENERATE_SWIFT_ASSET_SYMBOL_EXTENSIONS = YES;
				CLANG_ANALYZER_NONNULL = YES;
				CLANG_ANALYZER_NUMBER_OBJECT_CONVERSION = YES_AGGRESSIVE;
				CLANG_CXX_LANGUAGE_STANDARD = "gnu++20";
				CLANG_ENABLE_MODULES = YES;
				CLANG_ENABLE_OBJC_ARC = YES;
				CLANG_ENABLE_OBJC_WEAK = YES;
				CLANG_WARN_BLOCK_CAPTURE_AUTORELEASING = YES;
				CLANG_WARN_BOOL_CONVERSION = YES;
				CLANG_WARN_COMMA = YES;
				CLANG_WARN_CONSTANT_CONVERSION = YES;
				CLANG_WARN_DEPRECATED_OBJC_IMPLEMENTATIONS = YES;
				CLANG_WARN_DIRECT_OBJC_ISA_USAGE = YES_ERROR;
				CLANG_WARN_DOCUMENTATION_COMMENTS = YES;
				CLANG_WARN_EMPTY_BODY = YES;
				CLANG_WARN_ENUM_CONVERSION = YES;
				CLANG_WARN_INFINITE_RECURSION = YES;
				CLANG_WARN_INT_CONVERSION = YES;
				CLANG_WARN_NON_LITERAL_NULL_CONVERSION = YES;
				CLANG_WARN_OBJC_IMPLICIT_RETAIN_SELF = YES;
				CLANG_WARN_OBJC_LITERAL_CONVERSION = YES;
				CLANG_WARN_OBJC_ROOT_CLASS = YES_ERROR;
				CLANG_WARN_QUOTED_INCLUDE_IN_FRAMEWORK_HEADER = YES;
				CLANG_WARN_RANGE_LOOP_ANALYSIS = YES;
				CLANG_WARN_STRICT_PROTOTYPES = YES;
				CLANG_WARN_SUSPICIOUS_MOVE = YES;
				CLANG_WARN_UNGUARDED_AVAILABILITY = YES_AGGRESSIVE;
				CLANG_WARN_UNREACHABLE_CODE = YES;
				CLANG_WARN__DUPLICATE_METHOD_MATCH = YES;
				COPY_PHASE_STRIP = NO;
				DEBUG_INFORMATION_FORMAT = "dwarf-with-dsym";
				DEVELOPMENT_TEAM = D46M9UBH37;
				ENABLE_NS_ASSERTIONS = NO;
				ENABLE_STRICT_OBJC_MSGSEND = YES;
				ENABLE_USER_SCRIPT_SANDBOXING = NO;
				GCC_C_LANGUAGE_STANDARD = gnu17;
				GCC_NO_COMMON_BLOCKS = YES;
				GCC_WARN_64_TO_32_BIT_CONVERSION = YES;
				GCC_WARN_ABOUT_RETURN_TYPE = YES_ERROR;
				GCC_WARN_UNDECLARED_SELECTOR = YES;
				GCC_WARN_UNINITIALIZED_AUTOS = YES_AGGRESSIVE;
				GCC_WARN_UNUSED_FUNCTION = YES;
				GCC_WARN_UNUSED_VARIABLE = YES;
				IPHONEOS_DEPLOYMENT_TARGET = 15.0;
				LOCALIZATION_PREFERS_STRING_CATALOGS = YES;
				MTL_ENABLE_DEBUG_INFO = NO;
				MTL_FAST_MATH = YES;
				SDKROOT = iphoneos;
				SWIFT_COMPILATION_MODE = wholemodule;
				VALIDATE_PRODUCT = YES;
			};
			name = Release;
		};
		A7B6DB5F2E24A06400C3DCFB /* Debug */ = {
			isa = XCBuildConfiguration;
			buildSettings = {
				ASSETCATALOG_COMPILER_APPICON_NAME = AppIcon;
				ASSETCATALOG_COMPILER_GLOBAL_ACCENT_COLOR_NAME = AccentColor;
				CODE_SIGN_STYLE = Automatic;
				CURRENT_PROJECT_VERSION = 1;
				DEFINES_MODULE = YES;
				DEVELOPMENT_TEAM = D46M9UBH37;
				ENABLE_PREVIEWS = YES;
				GENERATE_INFOPLIST_FILE = NO;
				INFOPLIST_FILE = RollCall/Resources/Info.plist;
				LD_RUNPATH_SEARCH_PATHS = (
					"$(inherited)",
					"@executable_path/Frameworks",
				);
				MARKETING_VERSION = 1.0;
				PRODUCT_BUNDLE_IDENTIFIER = "rollcall-dev.RollCall";
				PRODUCT_NAME = "$(TARGET_NAME)";
				SWIFT_EMIT_LOC_STRINGS = YES;
				SWIFT_VERSION = 5.10;
				TARGETED_DEVICE_FAMILY = "1,2";
			};
			name = Debug;
		};
		A7B6DB602E24A06400C3DCFB /* Release */ = {
			isa = XCBuildConfiguration;
			buildSettings = {
				ASSETCATALOG_COMPILER_APPICON_NAME = AppIcon;
				ASSETCATALOG_COMPILER_GLOBAL_ACCENT_COLOR_NAME = AccentColor;
				CODE_SIGN_STYLE = Automatic;
				CURRENT_PROJECT_VERSION = 1;
				DEFINES_MODULE = YES;
				DEVELOPMENT_TEAM = D46M9UBH37;
				ENABLE_PREVIEWS = YES;
				GENERATE_INFOPLIST_FILE = NO;
				INFOPLIST_FILE = RollCall/Resources/Info.plist;
				LD_RUNPATH_SEARCH_PATHS = (
					"$(inherited)",
					"@executable_path/Frameworks",
				);
				MARKETING_VERSION = 1.0;
				PRODUCT_BUNDLE_IDENTIFIER = "rollcall-dev.RollCall";
				PRODUCT_NAME = "$(TARGET_NAME)";
				SWIFT_EMIT_LOC_STRINGS = YES;
				SWIFT_VERSION = 5.10;
				TARGETED_DEVICE_FAMILY = "1,2";
			};
			name = Release;
		};
		A7B6DB622E24A06400C3DCFB /* Debug */ = {
			isa = XCBuildConfiguration;
			buildSettings = {
				BUNDLE_LOADER = "$(TEST_HOST)";
				CODE_SIGN_STYLE = Automatic;
				CURRENT_PROJECT_VERSION = 1;
				DEVELOPMENT_TEAM = D46M9UBH37;
				GENERATE_INFOPLIST_FILE = YES;
				IPHONEOS_DEPLOYMENT_TARGET = 15.0;
				MARKETING_VERSION = 1.0;
				PRODUCT_BUNDLE_IDENTIFIER = "rollcall-dev.RollCallTests";
				PRODUCT_NAME = "$(TARGET_NAME)";
				SWIFT_EMIT_LOC_STRINGS = NO;
				SWIFT_VERSION = 5.10;
				TARGETED_DEVICE_FAMILY = "1,2";
				TEST_HOST = "$(BUILT_PRODUCTS_DIR)/RollCall.app/$(BUNDLE_EXECUTABLE_FOLDER_PATH)/RollCall";
			};
			name = Debug;
		};
		A7B6DB632E24A06400C3DCFB /* Release */ = {
			isa = XCBuildConfiguration;
			buildSettings = {
				BUNDLE_LOADER = "$(TEST_HOST)";
				CODE_SIGN_STYLE = Automatic;
				CURRENT_PROJECT_VERSION = 1;
				DEVELOPMENT_TEAM = D46M9UBH37;
				GENERATE_INFOPLIST_FILE = YES;
				IPHONEOS_DEPLOYMENT_TARGET = 15.0;
				MARKETING_VERSION = 1.0;
				PRODUCT_BUNDLE_IDENTIFIER = "rollcall-dev.RollCallTests";
				PRODUCT_NAME = "$(TARGET_NAME)";
				SWIFT_EMIT_LOC_STRINGS = NO;
				SWIFT_VERSION = 5.10;
				TARGETED_DEVICE_FAMILY = "1,2";
				TEST_HOST = "$(BUILT_PRODUCTS_DIR)/RollCall.app/$(BUNDLE_EXECUTABLE_FOLDER_PATH)/RollCall";
			};
			name = Release;
		};
		A7B6DB652E24A06400C3DCFB /* Debug */ = {
			isa = XCBuildConfiguration;
			buildSettings = {
				CODE_SIGN_STYLE = Automatic;
				CURRENT_PROJECT_VERSION = 1;
				DEVELOPMENT_TEAM = D46M9UBH37;
				GENERATE_INFOPLIST_FILE = YES;
				MARKETING_VERSION = 1.0;
				PRODUCT_BUNDLE_IDENTIFIER = "rollcall-dev.RollCallUITests";
				PRODUCT_NAME = "$(TARGET_NAME)";
				SWIFT_EMIT_LOC_STRINGS = NO;
				SWIFT_VERSION = 5.10;
				TARGETED_DEVICE_FAMILY = "1,2";
				TEST_TARGET_NAME = RollCall;
			};
			name = Debug;
		};
		A7B6DB662E24A06400C3DCFB /* Release */ = {
			isa = XCBuildConfiguration;
			buildSettings = {
				CODE_SIGN_STYLE = Automatic;
				CURRENT_PROJECT_VERSION = 1;
				DEVELOPMENT_TEAM = D46M9UBH37;
				GENERATE_INFOPLIST_FILE = YES;
				MARKETING_VERSION = 1.0;
				PRODUCT_BUNDLE_IDENTIFIER = "rollcall-dev.RollCallUITests";
				PRODUCT_NAME = "$(TARGET_NAME)";
				SWIFT_EMIT_LOC_STRINGS = NO;
				SWIFT_VERSION = 5.10;
				TARGETED_DEVICE_FAMILY = "1,2";
				TEST_TARGET_NAME = RollCall;
			};
			name = Release;
		};
/* End XCBuildConfiguration section */

/* Begin XCConfigurationList section */
		A7B6DB382E24A06300C3DCFB /* Build configuration list for PBXProject "RollCall" */ = {
			isa = XCConfigurationList;
			buildConfigurations = (
				A7B6DB5C2E24A06400C3DCFB /* Debug */,
				A7B6DB5D2E24A06400C3DCFB /* Release */,
			);
			defaultConfigurationIsVisible = 0;
			defaultConfigurationName = Release;
		};
		A7B6DB5E2E24A06400C3DCFB /* Build configuration list for PBXNativeTarget "RollCall" */ = {
			isa = XCConfigurationList;
			buildConfigurations = (
				A7B6DB5F2E24A06400C3DCFB /* Debug */,
				A7B6DB602E24A06400C3DCFB /* Release */,
			);
			defaultConfigurationIsVisible = 0;
			defaultConfigurationName = Release;
		};
		A7B6DB612E24A06400C3DCFB /* Build configuration list for PBXNativeTarget "RollCallTests" */ = {
			isa = XCConfigurationList;
			buildConfigurations = (
				A7B6DB622E24A06400C3DCFB /* Debug */,
				A7B6DB632E24A06400C3DCFB /* Release */,
			);
			defaultConfigurationIsVisible = 0;
			defaultConfigurationName = Release;
		};
		A7B6DB642E24A06400C3DCFB /* Build configuration list for PBXNativeTarget "RollCallUITests" */ = {
			isa = XCConfigurationList;
			buildConfigurations = (
				A7B6DB652E24A06400C3DCFB /* Debug */,
				A7B6DB662E24A06400C3DCFB /* Release */,
			);
			defaultConfigurationIsVisible = 0;
			defaultConfigurationName = Release;
		};
/* End XCConfigurationList section */
	};
	rootObject = A7B6DB352E24A06300C3DCFB /* Project object */;
}
